// !$*UTF8*$!
{
	archiveVersion = 1;
	classes = {
	};
	objectVersion = 46;
	objects = {

/* Begin PBXBuildFile section */
		A716862D2192BCF900D6657C /* SetupHandlerProtocol.swift in Sources */ = {isa = PBXBuildFile; fileRef = A716862C2192BCF900D6657C /* SetupHandlerProtocol.swift */; };
		A73699D4218EE194008AF504 /* ActiveWindow.swift in Sources */ = {isa = PBXBuildFile; fileRef = A73699D3218EE194008AF504 /* ActiveWindow.swift */; };
		A73699D6218EE21B008AF504 /* LoggerProtocol.swift in Sources */ = {isa = PBXBuildFile; fileRef = A73699D5218EE21B008AF504 /* LoggerProtocol.swift */; };
		A73699D8218EE24F008AF504 /* ActiveWindowHandlerProtocol.swift in Sources */ = {isa = PBXBuildFile; fileRef = A73699D7218EE24F008AF504 /* ActiveWindowHandlerProtocol.swift */; };
		A73699DA218EE25C008AF504 /* SettingsProtocol.swift in Sources */ = {isa = PBXBuildFile; fileRef = A73699D9218EE25C008AF504 /* SettingsProtocol.swift */; };
		A73699DC218EE26B008AF504 /* TrackerProtocol.swift in Sources */ = {isa = PBXBuildFile; fileRef = A73699DB218EE26B008AF504 /* TrackerProtocol.swift */; };
		A73699DE218EE284008AF504 /* AppTrackerProtocol.swift in Sources */ = {isa = PBXBuildFile; fileRef = A73699DD218EE284008AF504 /* AppTrackerProtocol.swift */; };
		A73699E0218EE294008AF504 /* DeviceTrackerProtocol.swift in Sources */ = {isa = PBXBuildFile; fileRef = A73699DF218EE294008AF504 /* DeviceTrackerProtocol.swift */; };
		A73699E2218EE2AA008AF504 /* PersistenceHandlerProtocol.swift in Sources */ = {isa = PBXBuildFile; fileRef = A73699E1218EE2AA008AF504 /* PersistenceHandlerProtocol.swift */; };
		A73699E4218EE2C7008AF504 /* RequestHandlerProtocol.swift in Sources */ = {isa = PBXBuildFile; fileRef = A73699E3218EE2C7008AF504 /* RequestHandlerProtocol.swift */; };
		A73699E6218EE2D7008AF504 /* SendOrSaveHandlerProtocol.swift in Sources */ = {isa = PBXBuildFile; fileRef = A73699E5218EE2D7008AF504 /* SendOrSaveHandlerProtocol.swift */; };
		A73699E8218EE2EE008AF504 /* DateTimeHandlerProtocol.swift in Sources */ = {isa = PBXBuildFile; fileRef = A73699E7218EE2EE008AF504 /* DateTimeHandlerProtocol.swift */; };
		A73699EA218EE514008AF504 /* UsageLogType.swift in Sources */ = {isa = PBXBuildFile; fileRef = A73699E9218EE514008AF504 /* UsageLogType.swift */; };
		A73699EC218EE53F008AF504 /* Credentials.swift in Sources */ = {isa = PBXBuildFile; fileRef = A73699EB218EE53F008AF504 /* Credentials.swift */; };
		A73699EE218EE5B4008AF504 /* AppUsage.swift in Sources */ = {isa = PBXBuildFile; fileRef = A73699ED218EE5B4008AF504 /* AppUsage.swift */; };
		A73699F0218EE5C3008AF504 /* DeviceUsage.swift in Sources */ = {isa = PBXBuildFile; fileRef = A73699EF218EE5C3008AF504 /* DeviceUsage.swift */; };
		A73699F2218EE5FA008AF504 /* EventType.swift in Sources */ = {isa = PBXBuildFile; fileRef = A73699F1218EE5FA008AF504 /* EventType.swift */; };
		A73699F4218EE604008AF504 /* UsageType.swift in Sources */ = {isa = PBXBuildFile; fileRef = A73699F3218EE604008AF504 /* UsageType.swift */; };
		A73699F6218EE6E1008AF504 /* Usage.swift in Sources */ = {isa = PBXBuildFile; fileRef = A73699F5218EE6E1008AF504 /* Usage.swift */; };
		A73699F9218F0650008AF504 /* Settings.swift in Sources */ = {isa = PBXBuildFile; fileRef = A73699F8218F0650008AF504 /* Settings.swift */; };
		A73699FB218F08BC008AF504 /* TrackingType.swift in Sources */ = {isa = PBXBuildFile; fileRef = A73699FA218F08BC008AF504 /* TrackingType.swift */; };
		A73699FD218F14D0008AF504 /* DeviceTracker.swift in Sources */ = {isa = PBXBuildFile; fileRef = A73699FC218F14D0008AF504 /* DeviceTracker.swift */; };
		A73699FF218F4658008AF504 /* UserHandlerProtocol.swift in Sources */ = {isa = PBXBuildFile; fileRef = A73699FE218F4658008AF504 /* UserHandlerProtocol.swift */; };
		A7369A01218F4917008AF504 /* AlertHandlerProtocol.swift in Sources */ = {isa = PBXBuildFile; fileRef = A7369A00218F4917008AF504 /* AlertHandlerProtocol.swift */; };
		A7369A03218F4B5F008AF504 /* AlertHandler.swift in Sources */ = {isa = PBXBuildFile; fileRef = A7369A02218F4B5F008AF504 /* AlertHandler.swift */; };
		A7369A05218F4E52008AF504 /* ChooseUserWindowProtocol.swift in Sources */ = {isa = PBXBuildFile; fileRef = A7369A04218F4E52008AF504 /* ChooseUserWindowProtocol.swift */; };
		A7369A07218F5091008AF504 /* UserChangedDelegate.swift in Sources */ = {isa = PBXBuildFile; fileRef = A7369A06218F5091008AF504 /* UserChangedDelegate.swift */; };
		A7369A09218F65A6008AF504 /* AppTracker.swift in Sources */ = {isa = PBXBuildFile; fileRef = A7369A08218F65A6008AF504 /* AppTracker.swift */; };
		A7369A0B218F699F008AF504 /* ReachabilityProtocol.swift in Sources */ = {isa = PBXBuildFile; fileRef = A7369A0A218F699F008AF504 /* ReachabilityProtocol.swift */; };
		A73AA82021273FD900D0B7FF /* AppDelegate.swift in Sources */ = {isa = PBXBuildFile; fileRef = A73AA81F21273FD900D0B7FF /* AppDelegate.swift */; };
		A73AA82221273FDA00D0B7FF /* Assets.xcassets in Resources */ = {isa = PBXBuildFile; fileRef = A73AA82121273FDA00D0B7FF /* Assets.xcassets */; };
		A73AA82521273FDA00D0B7FF /* MainMenu.xib in Resources */ = {isa = PBXBuildFile; fileRef = A73AA82321273FDA00D0B7FF /* MainMenu.xib */; };
		A73AA83121273FDA00D0B7FF /* ActivityTrackerSDUTests.swift in Sources */ = {isa = PBXBuildFile; fileRef = A73AA83021273FDA00D0B7FF /* ActivityTrackerSDUTests.swift */; };
		A73AA83F212740C100D0B7FF /* StatusMenuController.swift in Sources */ = {isa = PBXBuildFile; fileRef = A73AA83E212740C100D0B7FF /* StatusMenuController.swift */; };
		A73AC0DD2192171B001D28A4 /* UsageBuilderProtocol.swift in Sources */ = {isa = PBXBuildFile; fileRef = A73AC0DC2192171B001D28A4 /* UsageBuilderProtocol.swift */; };
		A73AC0DF21921761001D28A4 /* UsageBuilder.swift in Sources */ = {isa = PBXBuildFile; fileRef = A73AC0DE21921761001D28A4 /* UsageBuilder.swift */; };
		A73AC0E2219217EA001D28A4 /* AssemblerProtocol.swift in Sources */ = {isa = PBXBuildFile; fileRef = A73AC0E1219217EA001D28A4 /* AssemblerProtocol.swift */; };
		A73AC0E4219218B0001D28A4 /* Assembler.swift in Sources */ = {isa = PBXBuildFile; fileRef = A73AC0E3219218B0001D28A4 /* Assembler.swift */; };
		A73AC0E621921B7E001D28A4 /* DateTimeHandler.swift in Sources */ = {isa = PBXBuildFile; fileRef = A73AC0E521921B7E001D28A4 /* DateTimeHandler.swift */; };
		A745FE51214FD0C000F242DD /* RealmTests.swift in Sources */ = {isa = PBXBuildFile; fileRef = A745FE50214FD0C000F242DD /* RealmTests.swift */; };
		A756633E213936C1008F5640 /* Constants.swift in Sources */ = {isa = PBXBuildFile; fileRef = A756633D213936C1008F5640 /* Constants.swift */; };
		A757F23921411F72009CCDC0 /* Extensions.swift in Sources */ = {isa = PBXBuildFile; fileRef = A757F23821411F72009CCDC0 /* Extensions.swift */; };
		A75F95F9214E4A52003727F5 /* PersistenceHandler.swift in Sources */ = {isa = PBXBuildFile; fileRef = A75F95F8214E4A52003727F5 /* PersistenceHandler.swift */; };
		A7829996215CC78B003903AE /* CwlUtils.framework in Frameworks */ = {isa = PBXBuildFile; fileRef = A782998F215CC78A003903AE /* CwlUtils.framework */; };
		A7829997215CC78B003903AE /* CwlUtils.framework in Embed Frameworks */ = {isa = PBXBuildFile; fileRef = A782998F215CC78A003903AE /* CwlUtils.framework */; settings = {ATTRIBUTES = (CodeSignOnCopy, RemoveHeadersOnCopy, ); }; };
		A7829998215CC78B003903AE /* Realm.framework in Frameworks */ = {isa = PBXBuildFile; fileRef = A7829990215CC78A003903AE /* Realm.framework */; };
		A7829999215CC78B003903AE /* Realm.framework in Embed Frameworks */ = {isa = PBXBuildFile; fileRef = A7829990215CC78A003903AE /* Realm.framework */; settings = {ATTRIBUTES = (CodeSignOnCopy, RemoveHeadersOnCopy, ); }; };
		A782999A215CC78B003903AE /* RealmSwift.framework in Frameworks */ = {isa = PBXBuildFile; fileRef = A7829991215CC78A003903AE /* RealmSwift.framework */; };
		A782999B215CC78B003903AE /* RealmSwift.framework in Embed Frameworks */ = {isa = PBXBuildFile; fileRef = A7829991215CC78A003903AE /* RealmSwift.framework */; settings = {ATTRIBUTES = (CodeSignOnCopy, RemoveHeadersOnCopy, ); }; };
		A782999C215CC78B003903AE /* CocoaLumberjack.framework in Frameworks */ = {isa = PBXBuildFile; fileRef = A7829992215CC78A003903AE /* CocoaLumberjack.framework */; };
		A782999D215CC78B003903AE /* CocoaLumberjack.framework in Embed Frameworks */ = {isa = PBXBuildFile; fileRef = A7829992215CC78A003903AE /* CocoaLumberjack.framework */; settings = {ATTRIBUTES = (CodeSignOnCopy, RemoveHeadersOnCopy, ); }; };
		A782999E215CC78B003903AE /* Reachability.framework in Frameworks */ = {isa = PBXBuildFile; fileRef = A7829993215CC78A003903AE /* Reachability.framework */; };
		A782999F215CC78B003903AE /* Reachability.framework in Embed Frameworks */ = {isa = PBXBuildFile; fileRef = A7829993215CC78A003903AE /* Reachability.framework */; settings = {ATTRIBUTES = (CodeSignOnCopy, RemoveHeadersOnCopy, ); }; };
		A78299A0215CC78B003903AE /* LaunchAtLogin.framework in Frameworks */ = {isa = PBXBuildFile; fileRef = A7829994215CC78A003903AE /* LaunchAtLogin.framework */; };
		A78299A1215CC78B003903AE /* LaunchAtLogin.framework in Embed Frameworks */ = {isa = PBXBuildFile; fileRef = A7829994215CC78A003903AE /* LaunchAtLogin.framework */; settings = {ATTRIBUTES = (CodeSignOnCopy, RemoveHeadersOnCopy, ); }; };
		A78299A2215CC78B003903AE /* CocoaLumberjackSwift.framework in Frameworks */ = {isa = PBXBuildFile; fileRef = A7829995215CC78A003903AE /* CocoaLumberjackSwift.framework */; };
		A78299A3215CC78B003903AE /* CocoaLumberjackSwift.framework in Embed Frameworks */ = {isa = PBXBuildFile; fileRef = A7829995215CC78A003903AE /* CocoaLumberjackSwift.framework */; settings = {ATTRIBUTES = (CodeSignOnCopy, RemoveHeadersOnCopy, ); }; };
		A78299AD215CC7CD003903AE /* Realm.framework.dSYM in CopyFiles */ = {isa = PBXBuildFile; fileRef = A78299A6215CC7CC003903AE /* Realm.framework.dSYM */; };
		A78299AE215CC7CD003903AE /* CocoaLumberjackSwift.framework.dSYM in CopyFiles */ = {isa = PBXBuildFile; fileRef = A78299A7215CC7CD003903AE /* CocoaLumberjackSwift.framework.dSYM */; };
		A78299AF215CC7CD003903AE /* RealmSwift.framework.dSYM in CopyFiles */ = {isa = PBXBuildFile; fileRef = A78299A8215CC7CD003903AE /* RealmSwift.framework.dSYM */; };
		A78299B0215CC7CD003903AE /* LaunchAtLogin.framework.dSYM in CopyFiles */ = {isa = PBXBuildFile; fileRef = A78299A9215CC7CD003903AE /* LaunchAtLogin.framework.dSYM */; };
		A78299B1215CC7CD003903AE /* CocoaLumberjack.framework.dSYM in CopyFiles */ = {isa = PBXBuildFile; fileRef = A78299AA215CC7CD003903AE /* CocoaLumberjack.framework.dSYM */; };
		A78299B2215CC7CD003903AE /* CwlUtils.framework.dSYM in CopyFiles */ = {isa = PBXBuildFile; fileRef = A78299AB215CC7CD003903AE /* CwlUtils.framework.dSYM */; };
		A78299B3215CC7CD003903AE /* Reachability.framework.dSYM in CopyFiles */ = {isa = PBXBuildFile; fileRef = A78299AC215CC7CD003903AE /* Reachability.framework.dSYM */; };
		A7866E7F2137F79700626DF8 /* RequestHandler.swift in Sources */ = {isa = PBXBuildFile; fileRef = A7866E7E2137F79700626DF8 /* RequestHandler.swift */; };
		A78F236821416CE900DC2489 /* ActiveWindowHandler.swift in Sources */ = {isa = PBXBuildFile; fileRef = A78F236721416CE900DC2489 /* ActiveWindowHandler.swift */; };
		A7A6B89F21353DE8000B4E38 /* ChooseUserWindow.swift in Sources */ = {isa = PBXBuildFile; fileRef = A7A6B89D21353DE8000B4E38 /* ChooseUserWindow.swift */; };
		A7A6B8A021353DE8000B4E38 /* ChooseUserWindow.xib in Resources */ = {isa = PBXBuildFile; fileRef = A7A6B89E21353DE8000B4E38 /* ChooseUserWindow.xib */; };
		A7B158FB217C6F57006087D4 /* SetupHandler.swift in Sources */ = {isa = PBXBuildFile; fileRef = A7B158FA217C6F57006087D4 /* SetupHandler.swift */; };
		A7BE8E88215D0B8000C0A864 /* UserHandler.swift in Sources */ = {isa = PBXBuildFile; fileRef = A7BE8E87215D0B8000C0A864 /* UserHandler.swift */; };
		A7EAAA242156256F007E942A /* SendOrSaveHandler.swift in Sources */ = {isa = PBXBuildFile; fileRef = A7EAAA232156256F007E942A /* SendOrSaveHandler.swift */; };
		A7EAAA362156626F007E942A /* Logger.swift in Sources */ = {isa = PBXBuildFile; fileRef = A7EAAA352156626F007E942A /* Logger.swift */; };
		OBJ_35 /* main.swift in Sources */ = {isa = PBXBuildFile; fileRef = OBJ_9 /* main.swift */; };
/* End PBXBuildFile section */

/* Begin PBXContainerItemProxy section */
		A73AA82D21273FDA00D0B7FF /* PBXContainerItemProxy */ = {
			isa = PBXContainerItemProxy;
			containerPortal = OBJ_1 /* Project object */;
			proxyType = 1;
			remoteGlobalIDString = A73AA81C21273FD900D0B7FF;
			remoteInfo = ActivityTrackerSDU;
		};
/* End PBXContainerItemProxy section */

/* Begin PBXCopyFilesBuildPhase section */
		A78299A4215CC78B003903AE /* Embed Frameworks */ = {
			isa = PBXCopyFilesBuildPhase;
			buildActionMask = 2147483647;
			dstPath = "";
			dstSubfolderSpec = 10;
			files = (
				A7829999215CC78B003903AE /* Realm.framework in Embed Frameworks */,
				A7829997215CC78B003903AE /* CwlUtils.framework in Embed Frameworks */,
				A78299A1215CC78B003903AE /* LaunchAtLogin.framework in Embed Frameworks */,
				A782999F215CC78B003903AE /* Reachability.framework in Embed Frameworks */,
				A78299A3215CC78B003903AE /* CocoaLumberjackSwift.framework in Embed Frameworks */,
				A782999D215CC78B003903AE /* CocoaLumberjack.framework in Embed Frameworks */,
				A782999B215CC78B003903AE /* RealmSwift.framework in Embed Frameworks */,
			);
			name = "Embed Frameworks";
			runOnlyForDeploymentPostprocessing = 0;
		};
		A78299A5215CC7B2003903AE /* CopyFiles */ = {
			isa = PBXCopyFilesBuildPhase;
			buildActionMask = 2147483647;
			dstPath = "";
			dstSubfolderSpec = 16;
			files = (
				A78299AD215CC7CD003903AE /* Realm.framework.dSYM in CopyFiles */,
				A78299AE215CC7CD003903AE /* CocoaLumberjackSwift.framework.dSYM in CopyFiles */,
				A78299AF215CC7CD003903AE /* RealmSwift.framework.dSYM in CopyFiles */,
				A78299B0215CC7CD003903AE /* LaunchAtLogin.framework.dSYM in CopyFiles */,
				A78299B1215CC7CD003903AE /* CocoaLumberjack.framework.dSYM in CopyFiles */,
				A78299B2215CC7CD003903AE /* CwlUtils.framework.dSYM in CopyFiles */,
				A78299B3215CC7CD003903AE /* Reachability.framework.dSYM in CopyFiles */,
			);
			runOnlyForDeploymentPostprocessing = 0;
		};
/* End PBXCopyFilesBuildPhase section */

/* Begin PBXFileReference section */
		A70A39CE212C63610065B7CC /* ActivityTrackerSDU */ = {isa = PBXFileReference; lastKnownFileType = folder; path = ActivityTrackerSDU; sourceTree = "<group>"; };
		A716862C2192BCF900D6657C /* SetupHandlerProtocol.swift */ = {isa = PBXFileReference; lastKnownFileType = sourcecode.swift; path = SetupHandlerProtocol.swift; sourceTree = "<group>"; };
		A73699D3218EE194008AF504 /* ActiveWindow.swift */ = {isa = PBXFileReference; lastKnownFileType = sourcecode.swift; path = ActiveWindow.swift; sourceTree = "<group>"; };
		A73699D5218EE21B008AF504 /* LoggerProtocol.swift */ = {isa = PBXFileReference; lastKnownFileType = sourcecode.swift; path = LoggerProtocol.swift; sourceTree = "<group>"; };
		A73699D7218EE24F008AF504 /* ActiveWindowHandlerProtocol.swift */ = {isa = PBXFileReference; lastKnownFileType = sourcecode.swift; path = ActiveWindowHandlerProtocol.swift; sourceTree = "<group>"; };
		A73699D9218EE25C008AF504 /* SettingsProtocol.swift */ = {isa = PBXFileReference; lastKnownFileType = sourcecode.swift; path = SettingsProtocol.swift; sourceTree = "<group>"; };
		A73699DB218EE26B008AF504 /* TrackerProtocol.swift */ = {isa = PBXFileReference; lastKnownFileType = sourcecode.swift; path = TrackerProtocol.swift; sourceTree = "<group>"; };
		A73699DD218EE284008AF504 /* AppTrackerProtocol.swift */ = {isa = PBXFileReference; lastKnownFileType = sourcecode.swift; path = AppTrackerProtocol.swift; sourceTree = "<group>"; };
		A73699DF218EE294008AF504 /* DeviceTrackerProtocol.swift */ = {isa = PBXFileReference; lastKnownFileType = sourcecode.swift; path = DeviceTrackerProtocol.swift; sourceTree = "<group>"; };
		A73699E1218EE2AA008AF504 /* PersistenceHandlerProtocol.swift */ = {isa = PBXFileReference; lastKnownFileType = sourcecode.swift; path = PersistenceHandlerProtocol.swift; sourceTree = "<group>"; };
		A73699E3218EE2C7008AF504 /* RequestHandlerProtocol.swift */ = {isa = PBXFileReference; lastKnownFileType = sourcecode.swift; path = RequestHandlerProtocol.swift; sourceTree = "<group>"; };
		A73699E5218EE2D7008AF504 /* SendOrSaveHandlerProtocol.swift */ = {isa = PBXFileReference; lastKnownFileType = sourcecode.swift; path = SendOrSaveHandlerProtocol.swift; sourceTree = "<group>"; };
		A73699E7218EE2EE008AF504 /* DateTimeHandlerProtocol.swift */ = {isa = PBXFileReference; lastKnownFileType = sourcecode.swift; path = DateTimeHandlerProtocol.swift; sourceTree = "<group>"; };
		A73699E9218EE514008AF504 /* UsageLogType.swift */ = {isa = PBXFileReference; lastKnownFileType = sourcecode.swift; path = UsageLogType.swift; sourceTree = "<group>"; };
		A73699EB218EE53F008AF504 /* Credentials.swift */ = {isa = PBXFileReference; lastKnownFileType = sourcecode.swift; path = Credentials.swift; sourceTree = "<group>"; };
		A73699ED218EE5B4008AF504 /* AppUsage.swift */ = {isa = PBXFileReference; lastKnownFileType = sourcecode.swift; path = AppUsage.swift; sourceTree = "<group>"; };
		A73699EF218EE5C3008AF504 /* DeviceUsage.swift */ = {isa = PBXFileReference; lastKnownFileType = sourcecode.swift; path = DeviceUsage.swift; sourceTree = "<group>"; };
		A73699F1218EE5FA008AF504 /* EventType.swift */ = {isa = PBXFileReference; lastKnownFileType = sourcecode.swift; path = EventType.swift; sourceTree = "<group>"; };
		A73699F3218EE604008AF504 /* UsageType.swift */ = {isa = PBXFileReference; lastKnownFileType = sourcecode.swift; path = UsageType.swift; sourceTree = "<group>"; };
		A73699F5218EE6E1008AF504 /* Usage.swift */ = {isa = PBXFileReference; lastKnownFileType = sourcecode.swift; path = Usage.swift; sourceTree = "<group>"; };
		A73699F8218F0650008AF504 /* Settings.swift */ = {isa = PBXFileReference; lastKnownFileType = sourcecode.swift; path = Settings.swift; sourceTree = "<group>"; };
		A73699FA218F08BC008AF504 /* TrackingType.swift */ = {isa = PBXFileReference; lastKnownFileType = sourcecode.swift; path = TrackingType.swift; sourceTree = "<group>"; };
		A73699FC218F14D0008AF504 /* DeviceTracker.swift */ = {isa = PBXFileReference; lastKnownFileType = sourcecode.swift; path = DeviceTracker.swift; sourceTree = "<group>"; };
		A73699FE218F4658008AF504 /* UserHandlerProtocol.swift */ = {isa = PBXFileReference; lastKnownFileType = sourcecode.swift; path = UserHandlerProtocol.swift; sourceTree = "<group>"; };
		A7369A00218F4917008AF504 /* AlertHandlerProtocol.swift */ = {isa = PBXFileReference; lastKnownFileType = sourcecode.swift; path = AlertHandlerProtocol.swift; sourceTree = "<group>"; };
		A7369A02218F4B5F008AF504 /* AlertHandler.swift */ = {isa = PBXFileReference; lastKnownFileType = sourcecode.swift; path = AlertHandler.swift; sourceTree = "<group>"; };
		A7369A04218F4E52008AF504 /* ChooseUserWindowProtocol.swift */ = {isa = PBXFileReference; lastKnownFileType = sourcecode.swift; path = ChooseUserWindowProtocol.swift; sourceTree = "<group>"; };
		A7369A06218F5091008AF504 /* UserChangedDelegate.swift */ = {isa = PBXFileReference; lastKnownFileType = sourcecode.swift; path = UserChangedDelegate.swift; sourceTree = "<group>"; };
		A7369A08218F65A6008AF504 /* AppTracker.swift */ = {isa = PBXFileReference; lastKnownFileType = sourcecode.swift; path = AppTracker.swift; sourceTree = "<group>"; };
		A7369A0A218F699F008AF504 /* ReachabilityProtocol.swift */ = {isa = PBXFileReference; lastKnownFileType = sourcecode.swift; path = ReachabilityProtocol.swift; sourceTree = "<group>"; };
		A73AA81D21273FD900D0B7FF /* ActivityTrackerSDU.app */ = {isa = PBXFileReference; explicitFileType = wrapper.application; includeInIndex = 0; path = ActivityTrackerSDU.app; sourceTree = BUILT_PRODUCTS_DIR; };
		A73AA81F21273FD900D0B7FF /* AppDelegate.swift */ = {isa = PBXFileReference; lastKnownFileType = sourcecode.swift; path = AppDelegate.swift; sourceTree = "<group>"; };
		A73AA82121273FDA00D0B7FF /* Assets.xcassets */ = {isa = PBXFileReference; lastKnownFileType = folder.assetcatalog; path = Assets.xcassets; sourceTree = "<group>"; };
		A73AA82421273FDA00D0B7FF /* Base */ = {isa = PBXFileReference; lastKnownFileType = file.xib; name = Base; path = Base.lproj/MainMenu.xib; sourceTree = "<group>"; };
		A73AA82621273FDA00D0B7FF /* Info.plist */ = {isa = PBXFileReference; lastKnownFileType = text.plist.xml; path = Info.plist; sourceTree = "<group>"; };
		A73AA82721273FDA00D0B7FF /* ActivityTrackerSDU.entitlements */ = {isa = PBXFileReference; lastKnownFileType = text.plist.entitlements; path = ActivityTrackerSDU.entitlements; sourceTree = "<group>"; };
		A73AA82C21273FDA00D0B7FF /* ActivityTrackerSDUTests.xctest */ = {isa = PBXFileReference; explicitFileType = wrapper.cfbundle; includeInIndex = 0; path = ActivityTrackerSDUTests.xctest; sourceTree = BUILT_PRODUCTS_DIR; };
		A73AA83021273FDA00D0B7FF /* ActivityTrackerSDUTests.swift */ = {isa = PBXFileReference; lastKnownFileType = sourcecode.swift; path = ActivityTrackerSDUTests.swift; sourceTree = "<group>"; };
		A73AA83221273FDA00D0B7FF /* Info.plist */ = {isa = PBXFileReference; lastKnownFileType = text.plist.xml; path = Info.plist; sourceTree = "<group>"; };
		A73AA83E212740C100D0B7FF /* StatusMenuController.swift */ = {isa = PBXFileReference; lastKnownFileType = sourcecode.swift; path = StatusMenuController.swift; sourceTree = "<group>"; };
		A73AC0DC2192171B001D28A4 /* UsageBuilderProtocol.swift */ = {isa = PBXFileReference; lastKnownFileType = sourcecode.swift; path = UsageBuilderProtocol.swift; sourceTree = "<group>"; };
		A73AC0DE21921761001D28A4 /* UsageBuilder.swift */ = {isa = PBXFileReference; lastKnownFileType = sourcecode.swift; path = UsageBuilder.swift; sourceTree = "<group>"; };
		A73AC0E1219217EA001D28A4 /* AssemblerProtocol.swift */ = {isa = PBXFileReference; lastKnownFileType = sourcecode.swift; path = AssemblerProtocol.swift; sourceTree = "<group>"; };
		A73AC0E3219218B0001D28A4 /* Assembler.swift */ = {isa = PBXFileReference; lastKnownFileType = sourcecode.swift; path = Assembler.swift; sourceTree = "<group>"; };
		A73AC0E521921B7E001D28A4 /* DateTimeHandler.swift */ = {isa = PBXFileReference; lastKnownFileType = sourcecode.swift; path = DateTimeHandler.swift; sourceTree = "<group>"; };
		A745FE50214FD0C000F242DD /* RealmTests.swift */ = {isa = PBXFileReference; lastKnownFileType = sourcecode.swift; path = RealmTests.swift; sourceTree = "<group>"; };
		A756633D213936C1008F5640 /* Constants.swift */ = {isa = PBXFileReference; lastKnownFileType = sourcecode.swift; path = Constants.swift; sourceTree = "<group>"; };
		A757F23821411F72009CCDC0 /* Extensions.swift */ = {isa = PBXFileReference; lastKnownFileType = sourcecode.swift; path = Extensions.swift; sourceTree = "<group>"; };
		A75F95F8214E4A52003727F5 /* PersistenceHandler.swift */ = {isa = PBXFileReference; lastKnownFileType = sourcecode.swift; path = PersistenceHandler.swift; sourceTree = "<group>"; };
		A7829986215CBC6C003903AE /* Cartfile */ = {isa = PBXFileReference; fileEncoding = 4; lastKnownFileType = text; path = Cartfile; sourceTree = "<group>"; };
		A782998F215CC78A003903AE /* CwlUtils.framework */ = {isa = PBXFileReference; lastKnownFileType = wrapper.framework; name = CwlUtils.framework; path = Carthage/Build/Mac/CwlUtils.framework; sourceTree = "<group>"; };
		A7829990215CC78A003903AE /* Realm.framework */ = {isa = PBXFileReference; lastKnownFileType = wrapper.framework; name = Realm.framework; path = Carthage/Build/Mac/Realm.framework; sourceTree = "<group>"; };
		A7829991215CC78A003903AE /* RealmSwift.framework */ = {isa = PBXFileReference; lastKnownFileType = wrapper.framework; name = RealmSwift.framework; path = Carthage/Build/Mac/RealmSwift.framework; sourceTree = "<group>"; };
		A7829992215CC78A003903AE /* CocoaLumberjack.framework */ = {isa = PBXFileReference; lastKnownFileType = wrapper.framework; name = CocoaLumberjack.framework; path = Carthage/Build/Mac/CocoaLumberjack.framework; sourceTree = "<group>"; };
		A7829993215CC78A003903AE /* Reachability.framework */ = {isa = PBXFileReference; lastKnownFileType = wrapper.framework; name = Reachability.framework; path = Carthage/Build/Mac/Reachability.framework; sourceTree = "<group>"; };
		A7829994215CC78A003903AE /* LaunchAtLogin.framework */ = {isa = PBXFileReference; lastKnownFileType = wrapper.framework; name = LaunchAtLogin.framework; path = Carthage/Build/Mac/LaunchAtLogin.framework; sourceTree = "<group>"; };
		A7829995215CC78A003903AE /* CocoaLumberjackSwift.framework */ = {isa = PBXFileReference; lastKnownFileType = wrapper.framework; name = CocoaLumberjackSwift.framework; path = Carthage/Build/Mac/CocoaLumberjackSwift.framework; sourceTree = "<group>"; };
		A78299A6215CC7CC003903AE /* Realm.framework.dSYM */ = {isa = PBXFileReference; lastKnownFileType = wrapper.dsym; name = Realm.framework.dSYM; path = Carthage/Build/Mac/Realm.framework.dSYM; sourceTree = "<group>"; };
		A78299A7215CC7CD003903AE /* CocoaLumberjackSwift.framework.dSYM */ = {isa = PBXFileReference; lastKnownFileType = wrapper.dsym; name = CocoaLumberjackSwift.framework.dSYM; path = Carthage/Build/Mac/CocoaLumberjackSwift.framework.dSYM; sourceTree = "<group>"; };
		A78299A8215CC7CD003903AE /* RealmSwift.framework.dSYM */ = {isa = PBXFileReference; lastKnownFileType = wrapper.dsym; name = RealmSwift.framework.dSYM; path = Carthage/Build/Mac/RealmSwift.framework.dSYM; sourceTree = "<group>"; };
		A78299A9215CC7CD003903AE /* LaunchAtLogin.framework.dSYM */ = {isa = PBXFileReference; lastKnownFileType = wrapper.dsym; name = LaunchAtLogin.framework.dSYM; path = Carthage/Build/Mac/LaunchAtLogin.framework.dSYM; sourceTree = "<group>"; };
		A78299AA215CC7CD003903AE /* CocoaLumberjack.framework.dSYM */ = {isa = PBXFileReference; lastKnownFileType = wrapper.dsym; name = CocoaLumberjack.framework.dSYM; path = Carthage/Build/Mac/CocoaLumberjack.framework.dSYM; sourceTree = "<group>"; };
		A78299AB215CC7CD003903AE /* CwlUtils.framework.dSYM */ = {isa = PBXFileReference; lastKnownFileType = wrapper.dsym; name = CwlUtils.framework.dSYM; path = Carthage/Build/Mac/CwlUtils.framework.dSYM; sourceTree = "<group>"; };
		A78299AC215CC7CD003903AE /* Reachability.framework.dSYM */ = {isa = PBXFileReference; lastKnownFileType = wrapper.dsym; name = Reachability.framework.dSYM; path = Carthage/Build/Mac/Reachability.framework.dSYM; sourceTree = "<group>"; };
		A7866E7A2136B90800626DF8 /* Sources */ = {isa = PBXFileReference; lastKnownFileType = folder; path = Sources; sourceTree = "<group>"; };
		A7866E7E2137F79700626DF8 /* RequestHandler.swift */ = {isa = PBXFileReference; lastKnownFileType = sourcecode.swift; path = RequestHandler.swift; sourceTree = "<group>"; };
		A78F236721416CE900DC2489 /* ActiveWindowHandler.swift */ = {isa = PBXFileReference; lastKnownFileType = sourcecode.swift; path = ActiveWindowHandler.swift; sourceTree = "<group>"; };
		A7A6B89D21353DE8000B4E38 /* ChooseUserWindow.swift */ = {isa = PBXFileReference; lastKnownFileType = sourcecode.swift; path = ChooseUserWindow.swift; sourceTree = "<group>"; };
		A7A6B89E21353DE8000B4E38 /* ChooseUserWindow.xib */ = {isa = PBXFileReference; lastKnownFileType = file.xib; path = ChooseUserWindow.xib; sourceTree = "<group>"; };
		A7B158FA217C6F57006087D4 /* SetupHandler.swift */ = {isa = PBXFileReference; lastKnownFileType = sourcecode.swift; path = SetupHandler.swift; sourceTree = "<group>"; };
		A7BE8E87215D0B8000C0A864 /* UserHandler.swift */ = {isa = PBXFileReference; lastKnownFileType = sourcecode.swift; path = UserHandler.swift; sourceTree = "<group>"; };
		A7EAAA232156256F007E942A /* SendOrSaveHandler.swift */ = {isa = PBXFileReference; lastKnownFileType = sourcecode.swift; path = SendOrSaveHandler.swift; sourceTree = "<group>"; };
		A7EAAA352156626F007E942A /* Logger.swift */ = {isa = PBXFileReference; lastKnownFileType = sourcecode.swift; path = Logger.swift; sourceTree = "<group>"; };
		"ActivityTracker::ActivityTracker::Product" /* ActivityTracker */ = {isa = PBXFileReference; lastKnownFileType = text; path = ActivityTracker; sourceTree = BUILT_PRODUCTS_DIR; };
		OBJ_9 /* main.swift */ = {isa = PBXFileReference; lastKnownFileType = sourcecode.swift; path = main.swift; sourceTree = "<group>"; };
/* End PBXFileReference section */

/* Begin PBXFrameworksBuildPhase section */
		A73AA81A21273FD900D0B7FF /* Frameworks */ = {
			isa = PBXFrameworksBuildPhase;
			buildActionMask = 2147483647;
			files = (
				A7829998215CC78B003903AE /* Realm.framework in Frameworks */,
				A7829996215CC78B003903AE /* CwlUtils.framework in Frameworks */,
				A78299A0215CC78B003903AE /* LaunchAtLogin.framework in Frameworks */,
				A782999E215CC78B003903AE /* Reachability.framework in Frameworks */,
				A78299A2215CC78B003903AE /* CocoaLumberjackSwift.framework in Frameworks */,
				A782999C215CC78B003903AE /* CocoaLumberjack.framework in Frameworks */,
				A782999A215CC78B003903AE /* RealmSwift.framework in Frameworks */,
			);
			runOnlyForDeploymentPostprocessing = 0;
		};
		A73AA82921273FDA00D0B7FF /* Frameworks */ = {
			isa = PBXFrameworksBuildPhase;
			buildActionMask = 2147483647;
			files = (
			);
			runOnlyForDeploymentPostprocessing = 0;
		};
		OBJ_36 /* Frameworks */ = {
			isa = PBXFrameworksBuildPhase;
			buildActionMask = 0;
			files = (
			);
			runOnlyForDeploymentPostprocessing = 0;
		};
/* End PBXFrameworksBuildPhase section */

/* Begin PBXGroup section */
		A73699CD218EDC83008AF504 /* Protocols */ = {
			isa = PBXGroup;
			children = (
				A73699D7218EE24F008AF504 /* ActiveWindowHandlerProtocol.swift */,
				A7369A00218F4917008AF504 /* AlertHandlerProtocol.swift */,
				A73699DD218EE284008AF504 /* AppTrackerProtocol.swift */,
				A7369A04218F4E52008AF504 /* ChooseUserWindowProtocol.swift */,
				A73699E7218EE2EE008AF504 /* DateTimeHandlerProtocol.swift */,
				A73699DF218EE294008AF504 /* DeviceTrackerProtocol.swift */,
				A73699D5218EE21B008AF504 /* LoggerProtocol.swift */,
				A73699E1218EE2AA008AF504 /* PersistenceHandlerProtocol.swift */,
				A7369A0A218F699F008AF504 /* ReachabilityProtocol.swift */,
				A73699E3218EE2C7008AF504 /* RequestHandlerProtocol.swift */,
				A73699E5218EE2D7008AF504 /* SendOrSaveHandlerProtocol.swift */,
				A73699D9218EE25C008AF504 /* SettingsProtocol.swift */,
				A716862C2192BCF900D6657C /* SetupHandlerProtocol.swift */,
				A73699DB218EE26B008AF504 /* TrackerProtocol.swift */,
				A73AC0DC2192171B001D28A4 /* UsageBuilderProtocol.swift */,
				A7369A06218F5091008AF504 /* UserChangedDelegate.swift */,
				A73699FE218F4658008AF504 /* UserHandlerProtocol.swift */,
			);
			path = Protocols;
			sourceTree = "<group>";
		};
		A73699D0218EDEC9008AF504 /* TrackerLib */ = {
			isa = PBXGroup;
			children = (
				A73AC0E0219217CB001D28A4 /* AppAssembling */,
				A73699D1218EE0FE008AF504 /* Enums */,
				A73699F7218EFE35008AF504 /* Implementations */,
				A78299B9215CC91C003903AE /* Misc */,
				A73699D2218EE15D008AF504 /* Models */,
				A73699CD218EDC83008AF504 /* Protocols */,
			);
			path = TrackerLib;
			sourceTree = "<group>";
		};
		A73699D1218EE0FE008AF504 /* Enums */ = {
			isa = PBXGroup;
			children = (
				A73699E9218EE514008AF504 /* UsageLogType.swift */,
				A73699F1218EE5FA008AF504 /* EventType.swift */,
				A73699F3218EE604008AF504 /* UsageType.swift */,
				A73699FA218F08BC008AF504 /* TrackingType.swift */,
			);
			path = Enums;
			sourceTree = "<group>";
		};
		A73699D2218EE15D008AF504 /* Models */ = {
			isa = PBXGroup;
			children = (
				A73699D3218EE194008AF504 /* ActiveWindow.swift */,
				A73699EB218EE53F008AF504 /* Credentials.swift */,
				A73699ED218EE5B4008AF504 /* AppUsage.swift */,
				A73699EF218EE5C3008AF504 /* DeviceUsage.swift */,
				A73699F5218EE6E1008AF504 /* Usage.swift */,
			);
			path = Models;
			sourceTree = "<group>";
		};
		A73699F7218EFE35008AF504 /* Implementations */ = {
			isa = PBXGroup;
			children = (
				A78F236721416CE900DC2489 /* ActiveWindowHandler.swift */,
				A7369A02218F4B5F008AF504 /* AlertHandler.swift */,
				A7369A08218F65A6008AF504 /* AppTracker.swift */,
				A7A6B89D21353DE8000B4E38 /* ChooseUserWindow.swift */,
				A73AC0E521921B7E001D28A4 /* DateTimeHandler.swift */,
				A73699FC218F14D0008AF504 /* DeviceTracker.swift */,
				A7EAAA352156626F007E942A /* Logger.swift */,
				A75F95F8214E4A52003727F5 /* PersistenceHandler.swift */,
				A7866E7E2137F79700626DF8 /* RequestHandler.swift */,
				A7EAAA232156256F007E942A /* SendOrSaveHandler.swift */,
				A73699F8218F0650008AF504 /* Settings.swift */,
				A7B158FA217C6F57006087D4 /* SetupHandler.swift */,
				A73AC0DE21921761001D28A4 /* UsageBuilder.swift */,
				A7BE8E87215D0B8000C0A864 /* UserHandler.swift */,
			);
			path = Implementations;
			sourceTree = "<group>";
		};
		A73AA81E21273FD900D0B7FF /* ActivityTrackerSDU */ = {
			isa = PBXGroup;
			children = (
				A73AA82721273FDA00D0B7FF /* ActivityTrackerSDU.entitlements */,
				A73AA81F21273FD900D0B7FF /* AppDelegate.swift */,
				A73AA82121273FDA00D0B7FF /* Assets.xcassets */,
				A7A6B89E21353DE8000B4E38 /* ChooseUserWindow.xib */,
				A73AA82621273FDA00D0B7FF /* Info.plist */,
				A73AA82321273FDA00D0B7FF /* MainMenu.xib */,
				A73AA83E212740C100D0B7FF /* StatusMenuController.swift */,
			);
			path = ActivityTrackerSDU;
			sourceTree = "<group>";
		};
		A73AA82F21273FDA00D0B7FF /* ActivityTrackerSDUTests */ = {
			isa = PBXGroup;
			children = (
				A745FE50214FD0C000F242DD /* RealmTests.swift */,
				A73AA83021273FDA00D0B7FF /* ActivityTrackerSDUTests.swift */,
				A73AA83221273FDA00D0B7FF /* Info.plist */,
			);
			path = ActivityTrackerSDUTests;
			sourceTree = "<group>";
		};
		A73AC0E0219217CB001D28A4 /* AppAssembling */ = {
			isa = PBXGroup;
			children = (
				A73AC0E1219217EA001D28A4 /* AssemblerProtocol.swift */,
				A73AC0E3219218B0001D28A4 /* Assembler.swift */,
			);
			path = AppAssembling;
			sourceTree = "<group>";
		};
		A78299B9215CC91C003903AE /* Misc */ = {
			isa = PBXGroup;
			children = (
				A756633D213936C1008F5640 /* Constants.swift */,
				A757F23821411F72009CCDC0 /* Extensions.swift */,
			);
			path = Misc;
			sourceTree = "<group>";
		};
		A7866E792136B90800626DF8 /* Frameworks */ = {
			isa = PBXGroup;
			children = (
				A78299AA215CC7CD003903AE /* CocoaLumberjack.framework.dSYM */,
				A78299A7215CC7CD003903AE /* CocoaLumberjackSwift.framework.dSYM */,
				A78299AB215CC7CD003903AE /* CwlUtils.framework.dSYM */,
				A78299A9215CC7CD003903AE /* LaunchAtLogin.framework.dSYM */,
				A78299AC215CC7CD003903AE /* Reachability.framework.dSYM */,
				A78299A6215CC7CC003903AE /* Realm.framework.dSYM */,
				A78299A8215CC7CD003903AE /* RealmSwift.framework.dSYM */,
				A7829992215CC78A003903AE /* CocoaLumberjack.framework */,
				A7829995215CC78A003903AE /* CocoaLumberjackSwift.framework */,
				A782998F215CC78A003903AE /* CwlUtils.framework */,
				A7829994215CC78A003903AE /* LaunchAtLogin.framework */,
				A7829993215CC78A003903AE /* Reachability.framework */,
				A7829990215CC78A003903AE /* Realm.framework */,
				A7829991215CC78A003903AE /* RealmSwift.framework */,
				A7866E7A2136B90800626DF8 /* Sources */,
			);
			name = Frameworks;
			sourceTree = "<group>";
		};
		OBJ_10 /* Tests */ = {
			isa = PBXGroup;
			children = (
				A73AA82F21273FDA00D0B7FF /* ActivityTrackerSDUTests */,
			);
			name = Tests;
			sourceTree = SOURCE_ROOT;
		};
		OBJ_27 /* Products */ = {
			isa = PBXGroup;
			children = (
				"ActivityTracker::ActivityTracker::Product" /* ActivityTracker */,
				A73AA81D21273FD900D0B7FF /* ActivityTrackerSDU.app */,
				A73AA82C21273FDA00D0B7FF /* ActivityTrackerSDUTests.xctest */,
			);
			name = Products;
			sourceTree = BUILT_PRODUCTS_DIR;
		};
		OBJ_5 = {
			isa = PBXGroup;
			children = (
				A70A39CE212C63610065B7CC /* ActivityTrackerSDU */,
				A7829986215CBC6C003903AE /* Cartfile */,
				A7866E792136B90800626DF8 /* Frameworks */,
				OBJ_27 /* Products */,
				OBJ_7 /* Sources */,
				OBJ_10 /* Tests */,
			);
			sourceTree = "<group>";
		};
		OBJ_7 /* Sources */ = {
			isa = PBXGroup;
			children = (
				A73699D0218EDEC9008AF504 /* TrackerLib */,
				A73AA81E21273FD900D0B7FF /* ActivityTrackerSDU */,
				OBJ_8 /* ActivityTracker */,
			);
			name = Sources;
			sourceTree = SOURCE_ROOT;
		};
		OBJ_8 /* ActivityTracker */ = {
			isa = PBXGroup;
			children = (
				OBJ_9 /* main.swift */,
			);
			name = ActivityTracker;
			path = Sources/ActivityTracker;
			sourceTree = SOURCE_ROOT;
		};
/* End PBXGroup section */

/* Begin PBXNativeTarget section */
		A73AA81C21273FD900D0B7FF /* ActivityTrackerSDU */ = {
			isa = PBXNativeTarget;
			buildConfigurationList = A73AA83321273FDA00D0B7FF /* Build configuration list for PBXNativeTarget "ActivityTrackerSDU" */;
			buildPhases = (
				A7866E782136B7A200626DF8 /* ShellScript */,
				A73AA81921273FD900D0B7FF /* Sources */,
				A73AA81A21273FD900D0B7FF /* Frameworks */,
				A73AA81B21273FD900D0B7FF /* Resources */,
				A78299A4215CC78B003903AE /* Embed Frameworks */,
				A799D5CE215CDF970082FBB6 /* ShellScript */,
				A78299A5215CC7B2003903AE /* CopyFiles */,
			);
			buildRules = (
			);
			dependencies = (
			);
			name = ActivityTrackerSDU;
			productName = ActivityTrackerSDU;
			productReference = A73AA81D21273FD900D0B7FF /* ActivityTrackerSDU.app */;
			productType = "com.apple.product-type.application";
		};
		A73AA82B21273FDA00D0B7FF /* ActivityTrackerSDUTests */ = {
			isa = PBXNativeTarget;
			buildConfigurationList = A73AA83621273FDA00D0B7FF /* Build configuration list for PBXNativeTarget "ActivityTrackerSDUTests" */;
			buildPhases = (
				A73AA82821273FDA00D0B7FF /* Sources */,
				A73AA82921273FDA00D0B7FF /* Frameworks */,
				A73AA82A21273FDA00D0B7FF /* Resources */,
			);
			buildRules = (
			);
			dependencies = (
				A73AA82E21273FDA00D0B7FF /* PBXTargetDependency */,
			);
			name = ActivityTrackerSDUTests;
			productName = ActivityTrackerSDUTests;
			productReference = A73AA82C21273FDA00D0B7FF /* ActivityTrackerSDUTests.xctest */;
			productType = "com.apple.product-type.bundle.unit-test";
		};
		"ActivityTracker::ActivityTracker" /* ActivityTracker */ = {
			isa = PBXNativeTarget;
			buildConfigurationList = OBJ_31 /* Build configuration list for PBXNativeTarget "ActivityTracker" */;
			buildPhases = (
				OBJ_34 /* Sources */,
				OBJ_36 /* Frameworks */,
			);
			buildRules = (
			);
			dependencies = (
			);
			name = ActivityTracker;
			productName = ActivityTracker;
			productReference = "ActivityTracker::ActivityTracker::Product" /* ActivityTracker */;
			productType = "com.apple.product-type.tool";
		};
		"ActivityTracker::SwiftPMPackageDescription" /* ActivityTrackerPackageDescription */ = {
			isa = PBXNativeTarget;
			buildConfigurationList = OBJ_41 /* Build configuration list for PBXNativeTarget "ActivityTrackerPackageDescription" */;
			buildPhases = (
				OBJ_44 /* Sources */,
			);
			buildRules = (
			);
			dependencies = (
			);
			name = ActivityTrackerPackageDescription;
			productName = ActivityTrackerPackageDescription;
			productType = "com.apple.product-type.framework";
		};
/* End PBXNativeTarget section */

/* Begin PBXProject section */
		OBJ_1 /* Project object */ = {
			isa = PBXProject;
			attributes = {
				LastSwiftUpdateCheck = 0940;
				LastUpgradeCheck = 1000;
				TargetAttributes = {
					A73AA81C21273FD900D0B7FF = {
						CreatedOnToolsVersion = 9.4.1;
						DevelopmentTeam = 9632T7RA94;
						ProvisioningStyle = Automatic;
						SystemCapabilities = {
							com.apple.Sandbox = {
								enabled = 1;
							};
						};
					};
					A73AA82B21273FDA00D0B7FF = {
						CreatedOnToolsVersion = 9.4.1;
						DevelopmentTeam = 9632T7RA94;
						ProvisioningStyle = Automatic;
						TestTargetID = A73AA81C21273FD900D0B7FF;
					};
				};
			};
			buildConfigurationList = OBJ_2 /* Build configuration list for PBXProject "ActivityTracker" */;
			compatibilityVersion = "Xcode 3.2";
			developmentRegion = English;
			hasScannedForEncodings = 0;
			knownRegions = (
				en,
				Base,
			);
			mainGroup = OBJ_5;
			productRefGroup = OBJ_27 /* Products */;
			projectDirPath = "";
			projectRoot = "";
			targets = (
				"ActivityTracker::ActivityTracker" /* ActivityTracker */,
				"ActivityTracker::SwiftPMPackageDescription" /* ActivityTrackerPackageDescription */,
				A73AA81C21273FD900D0B7FF /* ActivityTrackerSDU */,
				A73AA82B21273FDA00D0B7FF /* ActivityTrackerSDUTests */,
			);
		};
/* End PBXProject section */

/* Begin PBXResourcesBuildPhase section */
		A73AA81B21273FD900D0B7FF /* Resources */ = {
			isa = PBXResourcesBuildPhase;
			buildActionMask = 2147483647;
			files = (
				A73AA82221273FDA00D0B7FF /* Assets.xcassets in Resources */,
				A73AA82521273FDA00D0B7FF /* MainMenu.xib in Resources */,
				A7A6B8A021353DE8000B4E38 /* ChooseUserWindow.xib in Resources */,
			);
			runOnlyForDeploymentPostprocessing = 0;
		};
		A73AA82A21273FDA00D0B7FF /* Resources */ = {
			isa = PBXResourcesBuildPhase;
			buildActionMask = 2147483647;
			files = (
			);
			runOnlyForDeploymentPostprocessing = 0;
		};
/* End PBXResourcesBuildPhase section */

/* Begin PBXShellScriptBuildPhase section */
		A7866E782136B7A200626DF8 /* ShellScript */ = {
			isa = PBXShellScriptBuildPhase;
			buildActionMask = 2147483647;
			files = (
			);
			inputPaths = (
			);
			outputPaths = (
			);
			runOnlyForDeploymentPostprocessing = 0;
			shellPath = /bin/sh;
			shellScript = "swift build --package-path \"$SRCROOT\"\n";
		};
		A799D5CE215CDF970082FBB6 /* ShellScript */ = {
			isa = PBXShellScriptBuildPhase;
			buildActionMask = 2147483647;
			files = (
			);
			inputFileListPaths = (
			);
			inputPaths = (
			);
			outputFileListPaths = (
			);
			outputPaths = (
			);
			runOnlyForDeploymentPostprocessing = 0;
			shellPath = /bin/sh;
			shellScript = "./Carthage/Build/Mac/LaunchAtLogin.framework/Resources/copy-helper.sh\n";
		};
/* End PBXShellScriptBuildPhase section */

/* Begin PBXSourcesBuildPhase section */
		A73AA81921273FD900D0B7FF /* Sources */ = {
			isa = PBXSourcesBuildPhase;
			buildActionMask = 2147483647;
			files = (
				A73699EE218EE5B4008AF504 /* AppUsage.swift in Sources */,
				A73699FD218F14D0008AF504 /* DeviceTracker.swift in Sources */,
				A73699E0218EE294008AF504 /* DeviceTrackerProtocol.swift in Sources */,
				A73AC0E621921B7E001D28A4 /* DateTimeHandler.swift in Sources */,
				A73699F0218EE5C3008AF504 /* DeviceUsage.swift in Sources */,
				A7EAAA362156626F007E942A /* Logger.swift in Sources */,
				A73699EC218EE53F008AF504 /* Credentials.swift in Sources */,
				A73699F9218F0650008AF504 /* Settings.swift in Sources */,
				A7369A0B218F699F008AF504 /* ReachabilityProtocol.swift in Sources */,
				A75F95F9214E4A52003727F5 /* PersistenceHandler.swift in Sources */,
				A73699D6218EE21B008AF504 /* LoggerProtocol.swift in Sources */,
				A73699D4218EE194008AF504 /* ActiveWindow.swift in Sources */,
				A7369A03218F4B5F008AF504 /* AlertHandler.swift in Sources */,
				A716862D2192BCF900D6657C /* SetupHandlerProtocol.swift in Sources */,
				A7369A05218F4E52008AF504 /* ChooseUserWindowProtocol.swift in Sources */,
				A73699EA218EE514008AF504 /* UsageLogType.swift in Sources */,
				A7369A09218F65A6008AF504 /* AppTracker.swift in Sources */,
				A73699DA218EE25C008AF504 /* SettingsProtocol.swift in Sources */,
				A73699DC218EE26B008AF504 /* TrackerProtocol.swift in Sources */,
				A73699E2218EE2AA008AF504 /* PersistenceHandlerProtocol.swift in Sources */,
				A7EAAA242156256F007E942A /* SendOrSaveHandler.swift in Sources */,
				A73699FF218F4658008AF504 /* UserHandlerProtocol.swift in Sources */,
				A73699E4218EE2C7008AF504 /* RequestHandlerProtocol.swift in Sources */,
				A73699F4218EE604008AF504 /* UsageType.swift in Sources */,
				A7369A01218F4917008AF504 /* AlertHandlerProtocol.swift in Sources */,
				A73AC0E2219217EA001D28A4 /* AssemblerProtocol.swift in Sources */,
				A73AA83F212740C100D0B7FF /* StatusMenuController.swift in Sources */,
				A73699F6218EE6E1008AF504 /* Usage.swift in Sources */,
				A73AA82021273FD900D0B7FF /* AppDelegate.swift in Sources */,
				A73699E6218EE2D7008AF504 /* SendOrSaveHandlerProtocol.swift in Sources */,
				A7866E7F2137F79700626DF8 /* RequestHandler.swift in Sources */,
				A73699F2218EE5FA008AF504 /* EventType.swift in Sources */,
				A757F23921411F72009CCDC0 /* Extensions.swift in Sources */,
				A78F236821416CE900DC2489 /* ActiveWindowHandler.swift in Sources */,
				A73AC0DF21921761001D28A4 /* UsageBuilder.swift in Sources */,
				A73699E8218EE2EE008AF504 /* DateTimeHandlerProtocol.swift in Sources */,
				A7369A07218F5091008AF504 /* UserChangedDelegate.swift in Sources */,
				A756633E213936C1008F5640 /* Constants.swift in Sources */,
				A73699D8218EE24F008AF504 /* ActiveWindowHandlerProtocol.swift in Sources */,
				A73AC0DD2192171B001D28A4 /* UsageBuilderProtocol.swift in Sources */,
				A73AC0E4219218B0001D28A4 /* Assembler.swift in Sources */,
				A73699FB218F08BC008AF504 /* TrackingType.swift in Sources */,
				A7A6B89F21353DE8000B4E38 /* ChooseUserWindow.swift in Sources */,
				A7B158FB217C6F57006087D4 /* SetupHandler.swift in Sources */,
				A7BE8E88215D0B8000C0A864 /* UserHandler.swift in Sources */,
				A73699DE218EE284008AF504 /* AppTrackerProtocol.swift in Sources */,
			);
			runOnlyForDeploymentPostprocessing = 0;
		};
		A73AA82821273FDA00D0B7FF /* Sources */ = {
			isa = PBXSourcesBuildPhase;
			buildActionMask = 2147483647;
			files = (
				A745FE51214FD0C000F242DD /* RealmTests.swift in Sources */,
				A73AA83121273FDA00D0B7FF /* ActivityTrackerSDUTests.swift in Sources */,
			);
			runOnlyForDeploymentPostprocessing = 0;
		};
		OBJ_34 /* Sources */ = {
			isa = PBXSourcesBuildPhase;
			buildActionMask = 0;
			files = (
				OBJ_35 /* main.swift in Sources */,
			);
			runOnlyForDeploymentPostprocessing = 0;
		};
		OBJ_44 /* Sources */ = {
			isa = PBXSourcesBuildPhase;
			buildActionMask = 0;
			files = (
			);
			runOnlyForDeploymentPostprocessing = 0;
		};
/* End PBXSourcesBuildPhase section */

/* Begin PBXTargetDependency section */
		A73AA82E21273FDA00D0B7FF /* PBXTargetDependency */ = {
			isa = PBXTargetDependency;
			target = A73AA81C21273FD900D0B7FF /* ActivityTrackerSDU */;
			targetProxy = A73AA82D21273FDA00D0B7FF /* PBXContainerItemProxy */;
		};
/* End PBXTargetDependency section */

/* Begin PBXVariantGroup section */
		A73AA82321273FDA00D0B7FF /* MainMenu.xib */ = {
			isa = PBXVariantGroup;
			children = (
				A73AA82421273FDA00D0B7FF /* Base */,
			);
			name = MainMenu.xib;
			sourceTree = "<group>";
		};
/* End PBXVariantGroup section */

/* Begin XCBuildConfiguration section */
		A73AA83421273FDA00D0B7FF /* Debug */ = {
			isa = XCBuildConfiguration;
			buildSettings = {
				ALWAYS_SEARCH_USER_PATHS = NO;
				ASSETCATALOG_COMPILER_APPICON_NAME = AppIcon;
				CLANG_ANALYZER_NONNULL = YES;
				CLANG_ANALYZER_NUMBER_OBJECT_CONVERSION = YES_AGGRESSIVE;
				CLANG_CXX_LANGUAGE_STANDARD = "gnu++14";
				CLANG_CXX_LIBRARY = "libc++";
				CLANG_ENABLE_MODULES = YES;
				CLANG_ENABLE_OBJC_WEAK = YES;
				CLANG_WARN_BLOCK_CAPTURE_AUTORELEASING = YES;
				CLANG_WARN_BOOL_CONVERSION = YES;
				CLANG_WARN_COMMA = YES;
				CLANG_WARN_CONSTANT_CONVERSION = YES;
				CLANG_WARN_DEPRECATED_OBJC_IMPLEMENTATIONS = YES;
				CLANG_WARN_DIRECT_OBJC_ISA_USAGE = YES_ERROR;
				CLANG_WARN_DOCUMENTATION_COMMENTS = YES;
				CLANG_WARN_EMPTY_BODY = YES;
				CLANG_WARN_ENUM_CONVERSION = YES;
				CLANG_WARN_INFINITE_RECURSION = YES;
				CLANG_WARN_INT_CONVERSION = YES;
				CLANG_WARN_NON_LITERAL_NULL_CONVERSION = YES;
				CLANG_WARN_OBJC_IMPLICIT_RETAIN_SELF = YES;
				CLANG_WARN_OBJC_LITERAL_CONVERSION = YES;
				CLANG_WARN_OBJC_ROOT_CLASS = YES_ERROR;
				CLANG_WARN_RANGE_LOOP_ANALYSIS = YES;
				CLANG_WARN_STRICT_PROTOTYPES = YES;
				CLANG_WARN_SUSPICIOUS_MOVE = YES;
				CLANG_WARN_UNGUARDED_AVAILABILITY = YES_AGGRESSIVE;
				CLANG_WARN_UNREACHABLE_CODE = YES;
				CLANG_WARN__DUPLICATE_METHOD_MATCH = YES;
				CODE_SIGN_ENTITLEMENTS = ActivityTrackerSDU/ActivityTrackerSDU.entitlements;
				CODE_SIGN_IDENTITY = "Mac Developer";
				CODE_SIGN_INJECT_BASE_ENTITLEMENTS = YES;
				CODE_SIGN_STYLE = Automatic;
				COMBINE_HIDPI_IMAGES = YES;
				DEVELOPMENT_TEAM = 9632T7RA94;
				ENABLE_STRICT_OBJC_MSGSEND = YES;
				ENABLE_TESTABILITY = YES;
				FRAMEWORK_SEARCH_PATHS = (
					"$(inherited)",
					"$(PROJECT_DIR)",
					"$(PROJECT_DIR)/Carthage/Build/Mac",
				);
				GCC_C_LANGUAGE_STANDARD = gnu11;
				GCC_DYNAMIC_NO_PIC = NO;
				GCC_NO_COMMON_BLOCKS = YES;
				GCC_PREPROCESSOR_DEFINITIONS = (
					"DEBUG=1",
					"$(inherited)",
				);
				GCC_WARN_64_TO_32_BIT_CONVERSION = YES;
				GCC_WARN_ABOUT_RETURN_TYPE = YES_ERROR;
				GCC_WARN_UNDECLARED_SELECTOR = YES;
				GCC_WARN_UNINITIALIZED_AUTOS = YES_AGGRESSIVE;
				GCC_WARN_UNUSED_FUNCTION = YES;
				GCC_WARN_UNUSED_VARIABLE = YES;
				INFOPLIST_FILE = ActivityTrackerSDU/Info.plist;
				LD_RUNPATH_SEARCH_PATHS = "$(inherited) @executable_path/../Frameworks";
				MACOSX_DEPLOYMENT_TARGET = 10.12;
				MTL_ENABLE_DEBUG_INFO = YES;
				PRODUCT_BUNDLE_IDENTIFIER = dk.sdu.health.Tracker;
				PRODUCT_NAME = "$(TARGET_NAME)";
				SWIFT_ACTIVE_COMPILATION_CONDITIONS = DEBUG;
				SWIFT_INCLUDE_PATHS = "$(SRCROOT)/.build/debug/";
				SWIFT_VERSION = 4.0;
			};
			name = Debug;
		};
		A73AA83521273FDA00D0B7FF /* Release */ = {
			isa = XCBuildConfiguration;
			buildSettings = {
				ALWAYS_SEARCH_USER_PATHS = NO;
				ASSETCATALOG_COMPILER_APPICON_NAME = AppIcon;
				CLANG_ANALYZER_NONNULL = YES;
				CLANG_ANALYZER_NUMBER_OBJECT_CONVERSION = YES_AGGRESSIVE;
				CLANG_CXX_LANGUAGE_STANDARD = "gnu++14";
				CLANG_CXX_LIBRARY = "libc++";
				CLANG_ENABLE_MODULES = YES;
				CLANG_ENABLE_OBJC_WEAK = YES;
				CLANG_WARN_BLOCK_CAPTURE_AUTORELEASING = YES;
				CLANG_WARN_BOOL_CONVERSION = YES;
				CLANG_WARN_COMMA = YES;
				CLANG_WARN_CONSTANT_CONVERSION = YES;
				CLANG_WARN_DEPRECATED_OBJC_IMPLEMENTATIONS = YES;
				CLANG_WARN_DIRECT_OBJC_ISA_USAGE = YES_ERROR;
				CLANG_WARN_DOCUMENTATION_COMMENTS = YES;
				CLANG_WARN_EMPTY_BODY = YES;
				CLANG_WARN_ENUM_CONVERSION = YES;
				CLANG_WARN_INFINITE_RECURSION = YES;
				CLANG_WARN_INT_CONVERSION = YES;
				CLANG_WARN_NON_LITERAL_NULL_CONVERSION = YES;
				CLANG_WARN_OBJC_IMPLICIT_RETAIN_SELF = YES;
				CLANG_WARN_OBJC_LITERAL_CONVERSION = YES;
				CLANG_WARN_OBJC_ROOT_CLASS = YES_ERROR;
				CLANG_WARN_RANGE_LOOP_ANALYSIS = YES;
				CLANG_WARN_STRICT_PROTOTYPES = YES;
				CLANG_WARN_SUSPICIOUS_MOVE = YES;
				CLANG_WARN_UNGUARDED_AVAILABILITY = YES_AGGRESSIVE;
				CLANG_WARN_UNREACHABLE_CODE = YES;
				CLANG_WARN__DUPLICATE_METHOD_MATCH = YES;
				CODE_SIGN_ENTITLEMENTS = ActivityTrackerSDU/ActivityTrackerSDU.entitlements;
				CODE_SIGN_IDENTITY = "Mac Developer";
				CODE_SIGN_INJECT_BASE_ENTITLEMENTS = YES;
				CODE_SIGN_STYLE = Automatic;
				COMBINE_HIDPI_IMAGES = YES;
				COPY_PHASE_STRIP = NO;
				DEVELOPMENT_TEAM = 9632T7RA94;
				ENABLE_NS_ASSERTIONS = NO;
				ENABLE_STRICT_OBJC_MSGSEND = YES;
				FRAMEWORK_SEARCH_PATHS = (
					"$(inherited)",
					"$(PROJECT_DIR)",
					"$(PROJECT_DIR)/Carthage/Build/Mac",
				);
				GCC_C_LANGUAGE_STANDARD = gnu11;
				GCC_NO_COMMON_BLOCKS = YES;
				GCC_WARN_64_TO_32_BIT_CONVERSION = YES;
				GCC_WARN_ABOUT_RETURN_TYPE = YES_ERROR;
				GCC_WARN_UNDECLARED_SELECTOR = YES;
				GCC_WARN_UNINITIALIZED_AUTOS = YES_AGGRESSIVE;
				GCC_WARN_UNUSED_FUNCTION = YES;
				GCC_WARN_UNUSED_VARIABLE = YES;
				INFOPLIST_FILE = ActivityTrackerSDU/Info.plist;
				LD_RUNPATH_SEARCH_PATHS = "$(inherited) @executable_path/../Frameworks";
				MACOSX_DEPLOYMENT_TARGET = 10.12;
				MTL_ENABLE_DEBUG_INFO = NO;
				PRODUCT_BUNDLE_IDENTIFIER = dk.sdu.health.Tracker;
				PRODUCT_NAME = "$(TARGET_NAME)";
				SWIFT_INCLUDE_PATHS = "";
				SWIFT_VERSION = 4.0;
			};
			name = Release;
		};
		A73AA83721273FDA00D0B7FF /* Debug */ = {
			isa = XCBuildConfiguration;
			buildSettings = {
				ALWAYS_EMBED_SWIFT_STANDARD_LIBRARIES = YES;
				ALWAYS_SEARCH_USER_PATHS = NO;
				BUNDLE_LOADER = "$(TEST_HOST)";
				CLANG_ANALYZER_NONNULL = YES;
				CLANG_ANALYZER_NUMBER_OBJECT_CONVERSION = YES_AGGRESSIVE;
				CLANG_CXX_LANGUAGE_STANDARD = "gnu++14";
				CLANG_CXX_LIBRARY = "libc++";
				CLANG_ENABLE_MODULES = YES;
				CLANG_ENABLE_OBJC_WEAK = YES;
				CLANG_WARN_BLOCK_CAPTURE_AUTORELEASING = YES;
				CLANG_WARN_BOOL_CONVERSION = YES;
				CLANG_WARN_COMMA = YES;
				CLANG_WARN_CONSTANT_CONVERSION = YES;
				CLANG_WARN_DEPRECATED_OBJC_IMPLEMENTATIONS = YES;
				CLANG_WARN_DIRECT_OBJC_ISA_USAGE = YES_ERROR;
				CLANG_WARN_DOCUMENTATION_COMMENTS = YES;
				CLANG_WARN_EMPTY_BODY = YES;
				CLANG_WARN_ENUM_CONVERSION = YES;
				CLANG_WARN_INFINITE_RECURSION = YES;
				CLANG_WARN_INT_CONVERSION = YES;
				CLANG_WARN_NON_LITERAL_NULL_CONVERSION = YES;
				CLANG_WARN_OBJC_IMPLICIT_RETAIN_SELF = YES;
				CLANG_WARN_OBJC_LITERAL_CONVERSION = YES;
				CLANG_WARN_OBJC_ROOT_CLASS = YES_ERROR;
				CLANG_WARN_RANGE_LOOP_ANALYSIS = YES;
				CLANG_WARN_STRICT_PROTOTYPES = YES;
				CLANG_WARN_SUSPICIOUS_MOVE = YES;
				CLANG_WARN_UNGUARDED_AVAILABILITY = YES_AGGRESSIVE;
				CLANG_WARN_UNREACHABLE_CODE = YES;
				CLANG_WARN__DUPLICATE_METHOD_MATCH = YES;
				CODE_SIGN_IDENTITY = "Mac Developer";
				CODE_SIGN_STYLE = Automatic;
				COMBINE_HIDPI_IMAGES = YES;
				DEVELOPMENT_TEAM = 9632T7RA94;
				ENABLE_STRICT_OBJC_MSGSEND = YES;
				ENABLE_TESTABILITY = YES;
				FRAMEWORK_SEARCH_PATHS = /Users/kasper/Projects/swift/ActivityTracker;
				GCC_C_LANGUAGE_STANDARD = gnu11;
				GCC_DYNAMIC_NO_PIC = NO;
				GCC_NO_COMMON_BLOCKS = YES;
				GCC_PREPROCESSOR_DEFINITIONS = (
					"DEBUG=1",
					"$(inherited)",
				);
				GCC_WARN_64_TO_32_BIT_CONVERSION = YES;
				GCC_WARN_ABOUT_RETURN_TYPE = YES_ERROR;
				GCC_WARN_UNDECLARED_SELECTOR = YES;
				GCC_WARN_UNINITIALIZED_AUTOS = YES_AGGRESSIVE;
				GCC_WARN_UNUSED_FUNCTION = YES;
				GCC_WARN_UNUSED_VARIABLE = YES;
				INFOPLIST_FILE = ActivityTrackerSDUTests/Info.plist;
				LD_RUNPATH_SEARCH_PATHS = "$(inherited) @executable_path/../Frameworks @loader_path/../Frameworks";
				MACOSX_DEPLOYMENT_TARGET = 10.13;
				MTL_ENABLE_DEBUG_INFO = YES;
				PRODUCT_BUNDLE_IDENTIFIER = dk.sdu.health.ActivityTrackerSDUTests;
				PRODUCT_NAME = "$(TARGET_NAME)";
				SWIFT_ACTIVE_COMPILATION_CONDITIONS = DEBUG;
				SWIFT_VERSION = 4.0;
				TEST_HOST = "$(BUILT_PRODUCTS_DIR)/ActivityTrackerSDU.app/Contents/MacOS/ActivityTrackerSDU";
			};
			name = Debug;
		};
		A73AA83821273FDA00D0B7FF /* Release */ = {
			isa = XCBuildConfiguration;
			buildSettings = {
				ALWAYS_EMBED_SWIFT_STANDARD_LIBRARIES = YES;
				ALWAYS_SEARCH_USER_PATHS = NO;
				BUNDLE_LOADER = "$(TEST_HOST)";
				CLANG_ANALYZER_NONNULL = YES;
				CLANG_ANALYZER_NUMBER_OBJECT_CONVERSION = YES_AGGRESSIVE;
				CLANG_CXX_LANGUAGE_STANDARD = "gnu++14";
				CLANG_CXX_LIBRARY = "libc++";
				CLANG_ENABLE_MODULES = YES;
				CLANG_ENABLE_OBJC_WEAK = YES;
				CLANG_WARN_BLOCK_CAPTURE_AUTORELEASING = YES;
				CLANG_WARN_BOOL_CONVERSION = YES;
				CLANG_WARN_COMMA = YES;
				CLANG_WARN_CONSTANT_CONVERSION = YES;
				CLANG_WARN_DEPRECATED_OBJC_IMPLEMENTATIONS = YES;
				CLANG_WARN_DIRECT_OBJC_ISA_USAGE = YES_ERROR;
				CLANG_WARN_DOCUMENTATION_COMMENTS = YES;
				CLANG_WARN_EMPTY_BODY = YES;
				CLANG_WARN_ENUM_CONVERSION = YES;
				CLANG_WARN_INFINITE_RECURSION = YES;
				CLANG_WARN_INT_CONVERSION = YES;
				CLANG_WARN_NON_LITERAL_NULL_CONVERSION = YES;
				CLANG_WARN_OBJC_IMPLICIT_RETAIN_SELF = YES;
				CLANG_WARN_OBJC_LITERAL_CONVERSION = YES;
				CLANG_WARN_OBJC_ROOT_CLASS = YES_ERROR;
				CLANG_WARN_RANGE_LOOP_ANALYSIS = YES;
				CLANG_WARN_STRICT_PROTOTYPES = YES;
				CLANG_WARN_SUSPICIOUS_MOVE = YES;
				CLANG_WARN_UNGUARDED_AVAILABILITY = YES_AGGRESSIVE;
				CLANG_WARN_UNREACHABLE_CODE = YES;
				CLANG_WARN__DUPLICATE_METHOD_MATCH = YES;
				CODE_SIGN_IDENTITY = "Mac Developer";
				CODE_SIGN_STYLE = Automatic;
				COMBINE_HIDPI_IMAGES = YES;
				COPY_PHASE_STRIP = NO;
				DEVELOPMENT_TEAM = 9632T7RA94;
				ENABLE_NS_ASSERTIONS = NO;
				ENABLE_STRICT_OBJC_MSGSEND = YES;
				FRAMEWORK_SEARCH_PATHS = /Users/kasper/Projects/swift/ActivityTracker;
				GCC_C_LANGUAGE_STANDARD = gnu11;
				GCC_NO_COMMON_BLOCKS = YES;
				GCC_WARN_64_TO_32_BIT_CONVERSION = YES;
				GCC_WARN_ABOUT_RETURN_TYPE = YES_ERROR;
				GCC_WARN_UNDECLARED_SELECTOR = YES;
				GCC_WARN_UNINITIALIZED_AUTOS = YES_AGGRESSIVE;
				GCC_WARN_UNUSED_FUNCTION = YES;
				GCC_WARN_UNUSED_VARIABLE = YES;
				INFOPLIST_FILE = ActivityTrackerSDUTests/Info.plist;
				LD_RUNPATH_SEARCH_PATHS = "$(inherited) @executable_path/../Frameworks @loader_path/../Frameworks";
				MACOSX_DEPLOYMENT_TARGET = 10.13;
				MTL_ENABLE_DEBUG_INFO = NO;
				PRODUCT_BUNDLE_IDENTIFIER = dk.sdu.health.ActivityTrackerSDUTests;
				PRODUCT_NAME = "$(TARGET_NAME)";
				SWIFT_VERSION = 4.0;
				TEST_HOST = "$(BUILT_PRODUCTS_DIR)/ActivityTrackerSDU.app/Contents/MacOS/ActivityTrackerSDU";
			};
			name = Release;
		};
		OBJ_3 /* Debug */ = {
			isa = XCBuildConfiguration;
			buildSettings = {
				CLANG_ENABLE_OBJC_ARC = YES;
				CLANG_WARN_BLOCK_CAPTURE_AUTORELEASING = YES;
				CLANG_WARN_BOOL_CONVERSION = YES;
				CLANG_WARN_COMMA = YES;
				CLANG_WARN_CONSTANT_CONVERSION = YES;
				CLANG_WARN_DEPRECATED_OBJC_IMPLEMENTATIONS = YES;
				CLANG_WARN_EMPTY_BODY = YES;
				CLANG_WARN_ENUM_CONVERSION = YES;
				CLANG_WARN_INFINITE_RECURSION = YES;
				CLANG_WARN_INT_CONVERSION = YES;
				CLANG_WARN_NON_LITERAL_NULL_CONVERSION = YES;
				CLANG_WARN_OBJC_IMPLICIT_RETAIN_SELF = YES;
				CLANG_WARN_OBJC_LITERAL_CONVERSION = YES;
				CLANG_WARN_RANGE_LOOP_ANALYSIS = YES;
				CLANG_WARN_STRICT_PROTOTYPES = YES;
				CLANG_WARN_SUSPICIOUS_MOVE = YES;
				CLANG_WARN_UNREACHABLE_CODE = YES;
				CLANG_WARN__DUPLICATE_METHOD_MATCH = YES;
				COMBINE_HIDPI_IMAGES = YES;
				COPY_PHASE_STRIP = NO;
				DEBUG_INFORMATION_FORMAT = dwarf;
				DYLIB_INSTALL_NAME_BASE = "@rpath";
				ENABLE_NS_ASSERTIONS = YES;
				ENABLE_STRICT_OBJC_MSGSEND = YES;
				ENABLE_TESTABILITY = YES;
				GCC_NO_COMMON_BLOCKS = YES;
				GCC_OPTIMIZATION_LEVEL = 0;
				GCC_WARN_64_TO_32_BIT_CONVERSION = YES;
				GCC_WARN_ABOUT_RETURN_TYPE = YES;
				GCC_WARN_UNDECLARED_SELECTOR = YES;
				GCC_WARN_UNINITIALIZED_AUTOS = YES;
				GCC_WARN_UNUSED_FUNCTION = YES;
				GCC_WARN_UNUSED_VARIABLE = YES;
				MACOSX_DEPLOYMENT_TARGET = 10.10;
				ONLY_ACTIVE_ARCH = YES;
				OTHER_SWIFT_FLAGS = "-DXcode";
				PRODUCT_NAME = "$(TARGET_NAME)";
				SDKROOT = macosx;
				SUPPORTED_PLATFORMS = "macosx iphoneos iphonesimulator appletvos appletvsimulator watchos watchsimulator";
				SWIFT_ACTIVE_COMPILATION_CONDITIONS = SWIFT_PACKAGE;
				SWIFT_OPTIMIZATION_LEVEL = "-Onone";
				USE_HEADERMAP = NO;
			};
			name = Debug;
		};
		OBJ_32 /* Debug */ = {
			isa = XCBuildConfiguration;
			buildSettings = {
				FRAMEWORK_SEARCH_PATHS = (
					"$(inherited)",
					"$(PLATFORM_DIR)/Developer/Library/Frameworks",
				);
				HEADER_SEARCH_PATHS = "$(inherited)";
				INFOPLIST_FILE = ActivityTracker.xcodeproj/ActivityTracker_Info.plist;
				LD_RUNPATH_SEARCH_PATHS = "$(inherited) $(TOOLCHAIN_DIR)/usr/lib/swift/macosx @executable_path";
				OTHER_CFLAGS = "$(inherited)";
				OTHER_LDFLAGS = "$(inherited)";
				OTHER_SWIFT_FLAGS = "$(inherited)";
				SWIFT_FORCE_DYNAMIC_LINK_STDLIB = YES;
				SWIFT_FORCE_STATIC_LINK_STDLIB = NO;
				SWIFT_VERSION = 4.0;
				TARGET_NAME = ActivityTracker;
			};
			name = Debug;
		};
		OBJ_33 /* Release */ = {
			isa = XCBuildConfiguration;
			buildSettings = {
				FRAMEWORK_SEARCH_PATHS = (
					"$(inherited)",
					"$(PLATFORM_DIR)/Developer/Library/Frameworks",
				);
				HEADER_SEARCH_PATHS = "$(inherited)";
				INFOPLIST_FILE = ActivityTracker.xcodeproj/ActivityTracker_Info.plist;
				LD_RUNPATH_SEARCH_PATHS = "$(inherited) $(TOOLCHAIN_DIR)/usr/lib/swift/macosx @executable_path";
				OTHER_CFLAGS = "$(inherited)";
				OTHER_LDFLAGS = "$(inherited)";
				OTHER_SWIFT_FLAGS = "$(inherited)";
				SWIFT_FORCE_DYNAMIC_LINK_STDLIB = YES;
				SWIFT_FORCE_STATIC_LINK_STDLIB = NO;
				SWIFT_VERSION = 4.0;
				TARGET_NAME = ActivityTracker;
			};
			name = Release;
		};
		OBJ_4 /* Release */ = {
			isa = XCBuildConfiguration;
			buildSettings = {
				CLANG_ENABLE_OBJC_ARC = YES;
				CLANG_WARN_BLOCK_CAPTURE_AUTORELEASING = YES;
				CLANG_WARN_BOOL_CONVERSION = YES;
				CLANG_WARN_COMMA = YES;
				CLANG_WARN_CONSTANT_CONVERSION = YES;
				CLANG_WARN_DEPRECATED_OBJC_IMPLEMENTATIONS = YES;
				CLANG_WARN_EMPTY_BODY = YES;
				CLANG_WARN_ENUM_CONVERSION = YES;
				CLANG_WARN_INFINITE_RECURSION = YES;
				CLANG_WARN_INT_CONVERSION = YES;
				CLANG_WARN_NON_LITERAL_NULL_CONVERSION = YES;
				CLANG_WARN_OBJC_IMPLICIT_RETAIN_SELF = YES;
				CLANG_WARN_OBJC_LITERAL_CONVERSION = YES;
				CLANG_WARN_RANGE_LOOP_ANALYSIS = YES;
				CLANG_WARN_STRICT_PROTOTYPES = YES;
				CLANG_WARN_SUSPICIOUS_MOVE = YES;
				CLANG_WARN_UNREACHABLE_CODE = YES;
				CLANG_WARN__DUPLICATE_METHOD_MATCH = YES;
				COMBINE_HIDPI_IMAGES = YES;
				COPY_PHASE_STRIP = YES;
				DEBUG_INFORMATION_FORMAT = "dwarf-with-dsym";
				DYLIB_INSTALL_NAME_BASE = "@rpath";
				ENABLE_STRICT_OBJC_MSGSEND = YES;
				GCC_NO_COMMON_BLOCKS = YES;
				GCC_OPTIMIZATION_LEVEL = s;
				GCC_WARN_64_TO_32_BIT_CONVERSION = YES;
				GCC_WARN_ABOUT_RETURN_TYPE = YES;
				GCC_WARN_UNDECLARED_SELECTOR = YES;
				GCC_WARN_UNINITIALIZED_AUTOS = YES;
				GCC_WARN_UNUSED_FUNCTION = YES;
				GCC_WARN_UNUSED_VARIABLE = YES;
				MACOSX_DEPLOYMENT_TARGET = 10.10;
				OTHER_SWIFT_FLAGS = "-DXcode";
				PRODUCT_NAME = "$(TARGET_NAME)";
				SDKROOT = macosx;
				SUPPORTED_PLATFORMS = "macosx iphoneos iphonesimulator appletvos appletvsimulator watchos watchsimulator";
				SWIFT_ACTIVE_COMPILATION_CONDITIONS = SWIFT_PACKAGE;
				SWIFT_OPTIMIZATION_LEVEL = "-Owholemodule";
				USE_HEADERMAP = NO;
			};
			name = Release;
		};
		OBJ_42 /* Debug */ = {
			isa = XCBuildConfiguration;
			buildSettings = {
				LD = /usr/bin/true;
				OTHER_SWIFT_FLAGS = "-swift-version 4 -I $(TOOLCHAIN_DIR)/usr/lib/swift/pm/4 -target x86_64-apple-macosx10.10 -sdk /Applications/Xcode.app/Contents/Developer/Platforms/MacOSX.platform/Developer/SDKs/MacOSX10.13.sdk";
				SWIFT_VERSION = 4.0;
			};
			name = Debug;
		};
		OBJ_43 /* Release */ = {
			isa = XCBuildConfiguration;
			buildSettings = {
				LD = /usr/bin/true;
				OTHER_SWIFT_FLAGS = "-swift-version 4 -I $(TOOLCHAIN_DIR)/usr/lib/swift/pm/4 -target x86_64-apple-macosx10.10 -sdk /Applications/Xcode.app/Contents/Developer/Platforms/MacOSX.platform/Developer/SDKs/MacOSX10.13.sdk";
				SWIFT_VERSION = 4.0;
			};
			name = Release;
		};
/* End XCBuildConfiguration section */

/* Begin XCConfigurationList section */
		A73AA83321273FDA00D0B7FF /* Build configuration list for PBXNativeTarget "ActivityTrackerSDU" */ = {
			isa = XCConfigurationList;
			buildConfigurations = (
				A73AA83421273FDA00D0B7FF /* Debug */,
				A73AA83521273FDA00D0B7FF /* Release */,
			);
			defaultConfigurationIsVisible = 0;
			defaultConfigurationName = Release;
		};
		A73AA83621273FDA00D0B7FF /* Build configuration list for PBXNativeTarget "ActivityTrackerSDUTests" */ = {
			isa = XCConfigurationList;
			buildConfigurations = (
				A73AA83721273FDA00D0B7FF /* Debug */,
				A73AA83821273FDA00D0B7FF /* Release */,
			);
			defaultConfigurationIsVisible = 0;
			defaultConfigurationName = Release;
		};
		OBJ_2 /* Build configuration list for PBXProject "ActivityTracker" */ = {
			isa = XCConfigurationList;
			buildConfigurations = (
				OBJ_3 /* Debug */,
				OBJ_4 /* Release */,
			);
			defaultConfigurationIsVisible = 0;
			defaultConfigurationName = Release;
		};
		OBJ_31 /* Build configuration list for PBXNativeTarget "ActivityTracker" */ = {
			isa = XCConfigurationList;
			buildConfigurations = (
				OBJ_32 /* Debug */,
				OBJ_33 /* Release */,
			);
			defaultConfigurationIsVisible = 0;
			defaultConfigurationName = Release;
		};
		OBJ_41 /* Build configuration list for PBXNativeTarget "ActivityTrackerPackageDescription" */ = {
			isa = XCConfigurationList;
			buildConfigurations = (
				OBJ_42 /* Debug */,
				OBJ_43 /* Release */,
			);
			defaultConfigurationIsVisible = 0;
			defaultConfigurationName = Release;
		};
/* End XCConfigurationList section */
	};
	rootObject = OBJ_1 /* Project object */;
}
